
Microsoft Visual Studio Solution File, Format Version 12.00
# Visual Studio Version 17
VisualStudioVersion = 17.9.34728.123
MinimumVisualStudioVersion = 10.0.40219.1
Project("{FAE04EC0-301F-11D3-BF4B-00C04F79EFBC}") = "AP_SelfHealing", "AP_SelfHealing\AP_SelfHealing.csproj", "{9412F6B4-2F44-457C-A942-EB071E36A5F7}"
EndProject
Global
	GlobalSection(SolutionConfigurationPlatforms) = preSolution
		Debug|Any CPU = Debug|Any CPU
		Release|Any CPU = Release|Any CPU
	EndGlobalSection
	GlobalSection(ProjectConfigurationPlatforms) = postSolution
		{9412F6B4-2F44-457C-A942-EB071E36A5F7}.Debug|Any CPU.ActiveCfg = Debug|Any CPU
		{9412F6B4-2F44-457C-A942-EB071E36A5F7}.Debug|Any CPU.Build.0 = Debug|Any CPU
		{9412F6B4-2F44-457C-A942-EB071E36A5F7}.Release|Any CPU.ActiveCfg = Release|Any CPU
		{9412F6B4-2F44-457C-A942-EB071E36A5F7}.Release|Any CPU.Build.0 = Release|Any CPU
	EndGlobalSection
	GlobalSection(SolutionProperties) = preSolution
		HideSolutionNode = FALSE
	EndGlobalSection
	GlobalSection(ExtensibilityGlobals) = postSolution
		SolutionGuid = {21F71DED-10D5-48AB-846B-F4F3248B4A35}
	EndGlobalSection
EndGlobal
